dependencies:
- name: argo-workflows
  repository: https://argoproj.github.io/argo-helm
  version: 0.45.2
- name: fluent-bit
  repository: https://fluent.github.io/helm-charts
  version: 0.54.0
digest: sha256:ece4dedcb632317df39fdccb0973d4eeba065a003f6bac51e2983393287b78c6
generated: "2026-02-26T18:49:07.444749+05:30"
