dependencies:
- name: argo-workflows
  repository: https://argoproj.github.io/argo-helm
  version: 0.45.2
- name: fluent-bit
  repository: https://fluent.github.io/helm-charts
  version: 0.56.0
digest: sha256:f88cdbaf8f41210130653101031a3b29af2f4e90b5ba329f5da962167953614f
generated: "2026-03-12T18:06:11.478577+05:30"
