dependencies:
- name: external-secrets
  repository: https://charts.external-secrets.io
  version: 0.19.2
- name: kgateway-crds
  repository: oci://cr.kgateway.dev/kgateway-dev/charts
  version: v2.1.1
- name: kgateway
  repository: oci://cr.kgateway.dev/kgateway-dev/charts
  version: v2.1.1
- name: kube-prometheus-stack
  repository: https://prometheus-community.github.io/helm-charts
  version: 78.3.0
- name: opentelemetry-collector
  repository: https://open-telemetry.github.io/opentelemetry-helm-charts
  version: 0.140.0
- name: gateway-operator
  repository: oci://ghcr.io/wso2/api-platform/helm-charts
  version: 0.1.0
digest: sha256:ed757722550923bdd0f30963373ab32bcc7e8e88c7f6413732a782ffb34884ee
generated: "2026-01-06T14:55:40.938723+05:30"
