dependencies:
- name: traefik
  repository: https://traefik.github.io/charts
  version: 34.4.1
- name: thunder
  repository: oci://ghcr.io/asgardeo/helm-charts
  version: 0.14.0
digest: sha256:75b89ee320931eed294cb95d5d7b6b6137f12da921baab0370f96d6d66ae0e2f
generated: "2025-12-13T14:15:29.150706+05:30"
