dependencies:
- name: traefik
  repository: https://traefik.github.io/charts
  version: 34.4.1
- name: thunder
  repository: oci://ghcr.io/asgardeo/helm-charts
  version: 0.15.0
digest: sha256:b702e96e007b1aaeaed8c14b98b080e2e963e35ff3a8ae839ec46a48a58f2a7c
generated: "2025-12-14T11:47:28.833208+05:30"
