dependencies:
- name: data-prepper
  repository: https://opensearch-project.github.io/helm-charts/
  version: 0.3.1
- name: fluent-bit
  repository: https://fluent.github.io/helm-charts
  version: 0.54.0
- name: kube-prometheus-stack
  repository: https://prometheus-community.github.io/helm-charts
  version: 78.3.0
- name: opensearch
  repository: https://opensearch-project.github.io/helm-charts/
  version: 3.3.0
- name: opentelemetry-collector
  repository: https://open-telemetry.github.io/opentelemetry-helm-charts
  version: 0.140.0
- name: opensearch-dashboards
  repository: https://opensearch-project.github.io/helm-charts/
  version: 3.3.0
digest: sha256:1d57eda2881ed0d2be479caab959a82d6b87f3de4af23995bedc49d8045e3cda
generated: "2026-02-14T17:38:58.767705+05:30"
