dependencies:
- name: argo-workflows
  repository: https://argoproj.github.io/argo-helm
  version: 0.45.2
- name: external-secrets
  repository: https://charts.external-secrets.io
  version: 0.19.2
- name: docker-registry
  repository: https://twuni.github.io/docker-registry.helm
  version: 3.0.0
- name: cert-manager
  repository: oci://quay.io/jetstack/charts
  version: v1.16.2
digest: sha256:863456ed1520b6925bd0e28df0a6a6debc00d0866d908e69c601bbd41d836a4b
generated: "2025-12-06T11:19:05.513699+05:30"
