dependencies:
- name: argo-workflows
  repository: https://argoproj.github.io/argo-helm
  version: 0.45.2
- name: external-secrets
  repository: https://charts.external-secrets.io
  version: 0.19.2
- name: fluent-bit
  repository: https://fluent.github.io/helm-charts
  version: 0.54.0
- name: docker-registry
  repository: https://twuni.github.io/docker-registry.helm
  version: 3.0.0
digest: sha256:8f511b9d5a2b51c1995223c72e5cf2c2487982447283611e9d1a86622f156241
generated: "2026-01-07T16:48:12.961473+05:30"
