dependencies:
- name: argo-workflows
  repository: https://argoproj.github.io/argo-helm
  version: 0.45.2
- name: external-secrets
  repository: https://charts.external-secrets.io
  version: 0.19.2
- name: fluent-bit
  repository: https://fluent.github.io/helm-charts
  version: 0.54.0
- name: vault
  repository: https://helm.releases.hashicorp.com
  version: 0.29.1
digest: sha256:a8f2292be9a1785d2f8a64d0b21fc8edb1c4eae475645d88031ea326d559e853
generated: "2026-01-28T11:47:33.653467+05:30"
